// !$*UTF8*$!
{
	archiveVersion = 1;
	classes = {
	};
	objectVersion = 50;
	objects = {

/* Begin PBXBuildFile section */
		5C889A482519839100FDFE13 /* AppDelegate.swift in Sources */ = {isa = PBXBuildFile; fileRef = 5C889A472519839100FDFE13 /* AppDelegate.swift */; };
		5C889A4A2519839100FDFE13 /* SceneDelegate.swift in Sources */ = {isa = PBXBuildFile; fileRef = 5C889A492519839100FDFE13 /* SceneDelegate.swift */; };
		5C889A4C2519839100FDFE13 /* ViewController.swift in Sources */ = {isa = PBXBuildFile; fileRef = 5C889A4B2519839100FDFE13 /* ViewController.swift */; };
		5C889A4F2519839100FDFE13 /* Main.storyboard in Resources */ = {isa = PBXBuildFile; fileRef = 5C889A4D2519839100FDFE13 /* Main.storyboard */; };
		5C889A512519839900FDFE13 /* Assets.xcassets in Resources */ = {isa = PBXBuildFile; fileRef = 5C889A502519839900FDFE13 /* Assets.xcassets */; };
		5C889A542519839900FDFE13 /* LaunchScreen.storyboard in Resources */ = {isa = PBXBuildFile; fileRef = 5C889A522519839900FDFE13 /* LaunchScreen.storyboard */; };
		5C889A5F2519839A00FDFE13 /* MovieAppTests.swift in Sources */ = {isa = PBXBuildFile; fileRef = 5C889A5E2519839A00FDFE13 /* MovieAppTests.swift */; };
		5C889A6A2519839A00FDFE13 /* MovieAppUITests.swift in Sources */ = {isa = PBXBuildFile; fileRef = 5C889A692519839A00FDFE13 /* MovieAppUITests.swift */; };
/* End PBXBuildFile section */

/* Begin PBXContainerItemProxy section */
		5C889A5B2519839A00FDFE13 /* PBXContainerItemProxy */ = {
			isa = PBXContainerItemProxy;
			containerPortal = 5C889A3C2519839100FDFE13 /* Project object */;
			proxyType = 1;
			remoteGlobalIDString = 5C889A432519839100FDFE13;
			remoteInfo = MovieApp;
		};
		5C889A662519839A00FDFE13 /* PBXContainerItemProxy */ = {
			isa = PBXContainerItemProxy;
			containerPortal = 5C889A3C2519839100FDFE13 /* Project object */;
			proxyType = 1;
			remoteGlobalIDString = 5C889A432519839100FDFE13;
			remoteInfo = MovieApp;
		};
/* End PBXContainerItemProxy section */

/* Begin PBXFileReference section */
		5C889A442519839100FDFE13 /* MovieApp.app */ = {isa = PBXFileReference; explicitFileType = wrapper.application; includeInIndex = 0; path = MovieApp.app; sourceTree = BUILT_PRODUCTS_DIR; };
		5C889A472519839100FDFE13 /* AppDelegate.swift */ = {isa = PBXFileReference; lastKnownFileType = sourcecode.swift; path = AppDelegate.swift; sourceTree = "<group>"; };
		5C889A492519839100FDFE13 /* SceneDelegate.swift */ = {isa = PBXFileReference; lastKnownFileType = sourcecode.swift; path = SceneDelegate.swift; sourceTree = "<group>"; };
		5C889A4B2519839100FDFE13 /* ViewController.swift */ = {isa = PBXFileReference; lastKnownFileType = sourcecode.swift; path = ViewController.swift; sourceTree = "<group>"; };
		5C889A4E2519839100FDFE13 /* Base */ = {isa = PBXFileReference; lastKnownFileType = file.storyboard; name = Base; path = Base.lproj/Main.storyboard; sourceTree = "<group>"; };
		5C889A502519839900FDFE13 /* Assets.xcassets */ = {isa = PBXFileReference; lastKnownFileType = folder.assetcatalog; path = Assets.xcassets; sourceTree = "<group>"; };
		5C889A532519839900FDFE13 /* Base */ = {isa = PBXFileReference; lastKnownFileType = file.storyboard; name = Base; path = Base.lproj/LaunchScreen.storyboard; sourceTree = "<group>"; };
		5C889A552519839900FDFE13 /* Info.plist */ = {isa = PBXFileReference; lastKnownFileType = text.plist.xml; path = Info.plist; sourceTree = "<group>"; };
		5C889A5A2519839A00FDFE13 /* MovieAppTests.xctest */ = {isa = PBXFileReference; explicitFileType = wrapper.cfbundle; includeInIndex = 0; path = MovieAppTests.xctest; sourceTree = BUILT_PRODUCTS_DIR; };
		5C889A5E2519839A00FDFE13 /* MovieAppTests.swift */ = {isa = PBXFileReference; lastKnownFileType = sourcecode.swift; path = MovieAppTests.swift; sourceTree = "<group>"; };
		5C889A602519839A00FDFE13 /* Info.plist */ = {isa = PBXFileReference; lastKnownFileType = text.plist.xml; path = Info.plist; sourceTree = "<group>"; };
		5C889A652519839A00FDFE13 /* MovieAppUITests.xctest */ = {isa = PBXFileReference; explicitFileType = wrapper.cfbundle; includeInIndex = 0; path = MovieAppUITests.xctest; sourceTree = BUILT_PRODUCTS_DIR; };
		5C889A692519839A00FDFE13 /* MovieAppUITests.swift */ = {isa = PBXFileReference; lastKnownFileType = sourcecode.swift; path = MovieAppUITests.swift; sourceTree = "<group>"; };
		5C889A6B2519839A00FDFE13 /* Info.plist */ = {isa = PBXFileReference; lastKnownFileType = text.plist.xml; path = Info.plist; sourceTree = "<group>"; };
/* End PBXFileReference section */

/* Begin PBXFrameworksBuildPhase section */
		5C889A412519839100FDFE13 /* Frameworks */ = {
			isa = PBXFrameworksBuildPhase;
			buildActionMask = 2147483647;
			files = (
			);
			runOnlyForDeploymentPostprocessing = 0;
		};
		5C889A572519839A00FDFE13 /* Frameworks */ = {
			isa = PBXFrameworksBuildPhase;
			buildActionMask = 2147483647;
			files = (
			);
			runOnlyForDeploymentPostprocessing = 0;
		};
		5C889A622519839A00FDFE13 /* Frameworks */ = {
			isa = PBXFrameworksBuildPhase;
			buildActionMask = 2147483647;
			files = (
			);
			runOnlyForDeploymentPostprocessing = 0;
		};
/* End PBXFrameworksBuildPhase section */

/* Begin PBXGroup section */
		5C889A3B2519839100FDFE13 = {
			isa = PBXGroup;
			children = (
				5C889A462519839100FDFE13 /* MovieApp */,
				5C889A5D2519839A00FDFE13 /* MovieAppTests */,
				5C889A682519839A00FDFE13 /* MovieAppUITests */,
				5C889A452519839100FDFE13 /* Products */,
			);
			sourceTree = "<group>";
		};
		5C889A452519839100FDFE13 /* Products */ = {
			isa = PBXGroup;
			children = (
				5C889A442519839100FDFE13 /* MovieApp.app */,
				5C889A5A2519839A00FDFE13 /* MovieAppTests.xctest */,
				5C889A652519839A00FDFE13 /* MovieAppUITests.xctest */,
			);
			name = Products;
			sourceTree = "<group>";
		};
		5C889A462519839100FDFE13 /* MovieApp */ = {
			isa = PBXGroup;
			children = (
				5C889A472519839100FDFE13 /* AppDelegate.swift */,
				5C889A492519839100FDFE13 /* SceneDelegate.swift */,
				5C889A4B2519839100FDFE13 /* ViewController.swift */,
				5C889A4D2519839100FDFE13 /* Main.storyboard */,
				5C889A502519839900FDFE13 /* Assets.xcassets */,
				5C889A522519839900FDFE13 /* LaunchScreen.storyboard */,
				5C889A552519839900FDFE13 /* Info.plist */,
			);
			path = MovieApp;
			sourceTree = "<group>";
		};
		5C889A5D2519839A00FDFE13 /* MovieAppTests */ = {
			isa = PBXGroup;
			children = (
				5C889A5E2519839A00FDFE13 /* MovieAppTests.swift */,
				5C889A602519839A00FDFE13 /* Info.plist */,
			);
			path = MovieAppTests;
			sourceTree = "<group>";
		};
		5C889A682519839A00FDFE13 /* MovieAppUITests */ = {
			isa = PBXGroup;
			children = (
				5C889A692519839A00FDFE13 /* MovieAppUITests.swift */,
				5C889A6B2519839A00FDFE13 /* Info.plist */,
			);
			path = MovieAppUITests;
			sourceTree = "<group>";
		};
/* End PBXGroup section */

/* Begin PBXNativeTarget section */
		5C889A432519839100FDFE13 /* MovieApp */ = {
			isa = PBXNativeTarget;
			buildConfigurationList = 5C889A6E2519839A00FDFE13 /* Build configuration list for PBXNativeTarget "MovieApp" */;
			buildPhases = (
				5C889A402519839100FDFE13 /* Sources */,
				5C889A412519839100FDFE13 /* Frameworks */,
				5C889A422519839100FDFE13 /* Resources */,
			);
			buildRules = (
			);
			dependencies = (
			);
			name = MovieApp;
			productName = MovieApp;
			productReference = 5C889A442519839100FDFE13 /* MovieApp.app */;
			productType = "com.apple.product-type.application";
		};
		5C889A592519839A00FDFE13 /* MovieAppTests */ = {
			isa = PBXNativeTarget;
			buildConfigurationList = 5C889A712519839A00FDFE13 /* Build configuration list for PBXNativeTarget "MovieAppTests" */;
			buildPhases = (
				5C889A562519839A00FDFE13 /* Sources */,
				5C889A572519839A00FDFE13 /* Frameworks */,
				5C889A582519839A00FDFE13 /* Resources */,
			);
			buildRules = (
			);
			dependencies = (
				5C889A5C2519839A00FDFE13 /* PBXTargetDependency */,
			);
			name = MovieAppTests;
			productName = MovieAppTests;
			productReference = 5C889A5A2519839A00FDFE13 /* MovieAppTests.xctest */;
			productType = "com.apple.product-type.bundle.unit-test";
		};
		5C889A642519839A00FDFE13 /* MovieAppUITests */ = {
			isa = PBXNativeTarget;
			buildConfigurationList = 5C889A742519839A00FDFE13 /* Build configuration list for PBXNativeTarget "MovieAppUITests" */;
			buildPhases = (
				5C889A612519839A00FDFE13 /* Sources */,
				5C889A622519839A00FDFE13 /* Frameworks */,
				5C889A632519839A00FDFE13 /* Resources */,
			);
			buildRules = (
			);
			dependencies = (
				5C889A672519839A00FDFE13 /* PBXTargetDependency */,
			);
			name = MovieAppUITests;
			productName = MovieAppUITests;
			productReference = 5C889A652519839A00FDFE13 /* MovieAppUITests.xctest */;
			productType = "com.apple.product-type.bundle.ui-testing";
		};
/* End PBXNativeTarget section */

/* Begin PBXProject section */
		5C889A3C2519839100FDFE13 /* Project object */ = {
			isa = PBXProject;
			attributes = {
				LastSwiftUpdateCheck = 1160;
				LastUpgradeCheck = 1160;
				ORGANIZATIONNAME = Eyoab58;
				TargetAttributes = {
					5C889A432519839100FDFE13 = {
						CreatedOnToolsVersion = 11.6;
					};
					5C889A592519839A00FDFE13 = {
						CreatedOnToolsVersion = 11.6;
						TestTargetID = 5C889A432519839100FDFE13;
					};
					5C889A642519839A00FDFE13 = {
						CreatedOnToolsVersion = 11.6;
						TestTargetID = 5C889A432519839100FDFE13;
					};
				};
			};
			buildConfigurationList = 5C889A3F2519839100FDFE13 /* Build configuration list for PBXProject "MovieApp" */;
			compatibilityVersion = "Xcode 9.3";
			developmentRegion = en;
			hasScannedForEncodings = 0;
			knownRegions = (
				en,
				Base,
			);
			mainGroup = 5C889A3B2519839100FDFE13;
			productRefGroup = 5C889A452519839100FDFE13 /* Products */;
			projectDirPath = "";
			projectRoot = "";
			targets = (
				5C889A432519839100FDFE13 /* MovieApp */,
				5C889A592519839A00FDFE13 /* MovieAppTests */,
				5C889A642519839A00FDFE13 /* MovieAppUITests */,
			);
		};
/* End PBXProject section */

/* Begin PBXResourcesBuildPhase section */
		5C889A422519839100FDFE13 /* Resources */ = {
			isa = PBXResourcesBuildPhase;
			buildActionMask = 2147483647;
			files = (
				5C889A542519839900FDFE13 /* LaunchScreen.storyboard in Resources */,
				5C889A512519839900FDFE13 /* Assets.xcassets in Resources */,
				5C889A4F2519839100FDFE13 /* Main.storyboard in Resources */,
			);
			runOnlyForDeploymentPostprocessing = 0;
		};
		5C889A582519839A00FDFE13 /* Resources */ = {
			isa = PBXResourcesBuildPhase;
			buildActionMask = 2147483647;
			files = (
			);
			runOnlyForDeploymentPostprocessing = 0;
		};
		5C889A632519839A00FDFE13 /* Resources */ = {
			isa = PBXResourcesBuildPhase;
			buildActionMask = 2147483647;
			files = (
			);
			runOnlyForDeploymentPostprocessing = 0;
		};
/* End PBXResourcesBuildPhase section */

/* Begin PBXSourcesBuildPhase section */
		5C889A402519839100FDFE13 /* Sources */ = {
			isa = PBXSourcesBuildPhase;
			buildActionMask = 2147483647;
			files = (
				5C889A4C2519839100FDFE13 /* ViewController.swift in Sources */,
				5C889A482519839100FDFE13 /* AppDelegate.swift in Sources */,
				5C889A4A2519839100FDFE13 /* SceneDelegate.swift in Sources */,
			);
			runOnlyForDeploymentPostprocessing = 0;
		};
		5C889A562519839A00FDFE13 /* Sources */ = {
			isa = PBXSourcesBuildPhase;
			buildActionMask = 2147483647;
			files = (
				5C889A5F2519839A00FDFE13 /* MovieAppTests.swift in Sources */,
			);
			runOnlyForDeploymentPostprocessing = 0;
		};
		5C889A612519839A00FDFE13 /* Sources */ = {
			isa = PBXSourcesBuildPhase;
			buildActionMask = 2147483647;
			files = (
				5C889A6A2519839A00FDFE13 /* MovieAppUITests.swift in Sources */,
			);
			runOnlyForDeploymentPostprocessing = 0;
		};
/* End PBXSourcesBuildPhase section */

/* Begin PBXTargetDependency section */
		5C889A5C2519839A00FDFE13 /* PBXTargetDependency */ = {
			isa = PBXTargetDependency;
			target = 5C889A432519839100FDFE13 /* MovieApp */;
			targetProxy = 5C889A5B2519839A00FDFE13 /* PBXContainerItemProxy */;
		};
		5C889A672519839A00FDFE13 /* PBXTargetDependency */ = {
			isa = PBXTargetDependency;
			target = 5C889A432519839100FDFE13 /* MovieApp */;
			targetProxy = 5C889A662519839A00FDFE13 /* PBXContainerItemProxy */;
		};
/* End PBXTargetDependency section */

/* Begin PBXVariantGroup section */
		5C889A4D2519839100FDFE13 /* Main.storyboard */ = {
			isa = PBXVariantGroup;
			children = (
				5C889A4E2519839100FDFE13 /* Base */,
			);
			name = Main.storyboard;
			sourceTree = "<group>";
		};
		5C889A522519839900FDFE13 /* LaunchScreen.storyboard */ = {
			isa = PBXVariantGroup;
			children = (
				5C889A532519839900FDFE13 /* Base */,
			);
			name = LaunchScreen.storyboard;
			sourceTree = "<group>";
		};
/* End PBXVariantGroup section */

/* Begin XCBuildConfiguration section */
		5C889A6C2519839A00FDFE13 /* Debug */ = {
			isa = XCBuildConfiguration;
			buildSettings = {
				ALWAYS_SEARCH_USER_PATHS = NO;
				CLANG_ANALYZER_NONNULL = YES;
				CLANG_ANALYZER_NUMBER_OBJECT_CONVERSION = YES_AGGRESSIVE;
				CLANG_CXX_LANGUAGE_STANDARD = "gnu++14";
				CLANG_CXX_LIBRARY = "libc++";
				CLANG_ENABLE_MODULES = YES;
				CLANG_ENABLE_OBJC_ARC = YES;
				CLANG_ENABLE_OBJC_WEAK = YES;
				CLANG_WARN_BLOCK_CAPTURE_AUTORELEASING = YES;
				CLANG_WARN_BOOL_CONVERSION = YES;
				CLANG_WARN_COMMA = YES;
				CLANG_WARN_CONSTANT_CONVERSION = YES;
				CLANG_WARN_DEPRECATED_OBJC_IMPLEMENTATIONS = YES;
				CLANG_WARN_DIRECT_OBJC_ISA_USAGE = YES_ERROR;
				CLANG_WARN_DOCUMENTATION_COMMENTS = YES;
				CLANG_WARN_EMPTY_BODY = YES;
				CLANG_WARN_ENUM_CONVERSION = YES;
				CLANG_WARN_INFINITE_RECURSION = YES;
				CLANG_WARN_INT_CONVERSION = YES;
				CLANG_WARN_NON_LITERAL_NULL_CONVERSION = YES;
				CLANG_WARN_OBJC_IMPLICIT_RETAIN_SELF = YES;
				CLANG_WARN_OBJC_LITERAL_CONVERSION = YES;
				CLANG_WARN_OBJC_ROOT_CLASS = YES_ERROR;
				CLANG_WARN_RANGE_LOOP_ANALYSIS = YES;
				CLANG_WARN_STRICT_PROTOTYPES = YES;
				CLANG_WARN_SUSPICIOUS_MOVE = YES;
				CLANG_WARN_UNGUARDED_AVAILABILITY = YES_AGGRESSIVE;
				CLANG_WARN_UNREACHABLE_CODE = YES;
				CLANG_WARN__DUPLICATE_METHOD_MATCH = YES;
				COPY_PHASE_STRIP = NO;
				DEBUG_INFORMATION_FORMAT = dwarf;
				ENABLE_STRICT_OBJC_MSGSEND = YES;
				ENABLE_TESTABILITY = YES;
				GCC_C_LANGUAGE_STANDARD = gnu11;
				GCC_DYNAMIC_NO_PIC = NO;
				GCC_NO_COMMON_BLOCKS = YES;
				GCC_OPTIMIZATION_LEVEL = 0;
				GCC_PREPROCESSOR_DEFINITIONS = (
					"DEBUG=1",
					"$(inherited)",
				);
				GCC_WARN_64_TO_32_BIT_CONVERSION = YES;
				GCC_WARN_ABOUT_RETURN_TYPE = YES_ERROR;
				GCC_WARN_UNDECLARED_SELECTOR = YES;
				GCC_WARN_UNINITIALIZED_AUTOS = YES_AGGRESSIVE;
				GCC_WARN_UNUSED_FUNCTION = YES;
				GCC_WARN_UNUSED_VARIABLE = YES;
				IPHONEOS_DEPLOYMENT_TARGET = 13.6;
				MTL_ENABLE_DEBUG_INFO = INCLUDE_SOURCE;
				MTL_FAST_MATH = YES;
				ONLY_ACTIVE_ARCH = YES;
				SDKROOT = iphoneos;
				SWIFT_ACTIVE_COMPILATION_CONDITIONS = DEBUG;
				SWIFT_OPTIMIZATION_LEVEL = "-Onone";
			};
			name = Debug;
		};
		5C889A6D2519839A00FDFE13 /* Release */ = {
			isa = XCBuildConfiguration;
			buildSettings = {
				ALWAYS_SEARCH_USER_PATHS = NO;
				CLANG_ANALYZER_NONNULL = YES;
				CLANG_ANALYZER_NUMBER_OBJECT_CONVERSION = YES_AGGRESSIVE;
				CLANG_CXX_LANGUAGE_STANDARD = "gnu++14";
				CLANG_CXX_LIBRARY = "libc++";
				CLANG_ENABLE_MODULES = YES;
				CLANG_ENABLE_OBJC_ARC = YES;
				CLANG_ENABLE_OBJC_WEAK = YES;
				CLANG_WARN_BLOCK_CAPTURE_AUTORELEASING = YES;
				CLANG_WARN_BOOL_CONVERSION = YES;
				CLANG_WARN_COMMA = YES;
				CLANG_WARN_CONSTANT_CONVERSION = YES;
				CLANG_WARN_DEPRECATED_OBJC_IMPLEMENTATIONS = YES;
				CLANG_WARN_DIRECT_OBJC_ISA_USAGE = YES_ERROR;
				CLANG_WARN_DOCUMENTATION_COMMENTS = YES;
				CLANG_WARN_EMPTY_BODY = YES;
				CLANG_WARN_ENUM_CONVERSION = YES;
				CLANG_WARN_INFINITE_RECURSION = YES;
				CLANG_WARN_INT_CONVERSION = YES;
				CLANG_WARN_NON_LITERAL_NULL_CONVERSION = YES;
				CLANG_WARN_OBJC_IMPLICIT_RETAIN_SELF = YES;
				CLANG_WARN_OBJC_LITERAL_CONVERSION = YES;
				CLANG_WARN_OBJC_ROOT_CLASS = YES_ERROR;
				CLANG_WARN_RANGE_LOOP_ANALYSIS = YES;
				CLANG_WARN_STRICT_PROTOTYPES = YES;
				CLANG_WARN_SUSPICIOUS_MOVE = YES;
				CLANG_WARN_UNGUARDED_AVAILABILITY = YES_AGGRESSIVE;
				CLANG_WARN_UNREACHABLE_CODE = YES;
				CLANG_WARN__DUPLICATE_METHOD_MATCH = YES;
				COPY_PHASE_STRIP = NO;
				DEBUG_INFORMATION_FORMAT = "dwarf-with-dsym";
				ENABLE_NS_ASSERTIONS = NO;
				ENABLE_STRICT_OBJC_MSGSEND = YES;
				GCC_C_LANGUAGE_STANDARD = gnu11;
				GCC_NO_COMMON_BLOCKS = YES;
				GCC_WARN_64_TO_32_BIT_CONVERSION = YES;
				GCC_WARN_ABOUT_RETURN_TYPE = YES_ERROR;
				GCC_WARN_UNDECLARED_SELECTOR = YES;
				GCC_WARN_UNINITIALIZED_AUTOS = YES_AGGRESSIVE;
				GCC_WARN_UNUSED_FUNCTION = YES;
				GCC_WARN_UNUSED_VARIABLE = YES;
				IPHONEOS_DEPLOYMENT_TARGET = 13.6;
				MTL_ENABLE_DEBUG_INFO = NO;
				MTL_FAST_MATH = YES;
				SDKROOT = iphoneos;
				SWIFT_COMPILATION_MODE = wholemodule;
				SWIFT_OPTIMIZATION_LEVEL = "-O";
				VALIDATE_PRODUCT = YES;
			};
			name = Release;
		};
		5C889A6F2519839A00FDFE13 /* Debug */ = {
			isa = XCBuildConfiguration;
			buildSettings = {
				ASSETCATALOG_COMPILER_APPICON_NAME = AppIcon;
				CODE_SIGN_STYLE = Automatic;
				INFOPLIST_FILE = MovieApp/Info.plist;
				LD_RUNPATH_SEARCH_PATHS = (
					"$(inherited)",
					"@executable_path/Frameworks",
				);
				PRODUCT_BUNDLE_IDENTIFIER = com.codewitheyoab.MovieApp;
				PRODUCT_NAME = "$(TARGET_NAME)";
				SWIFT_VERSION = 5.0;
				TARGETED_DEVICE_FAMILY = "1,2";
			};
			name = Debug;
		};
		5C889A702519839A00FDFE13 /* Release */ = {
			isa = XCBuildConfiguration;
			buildSettings = {
				ASSETCATALOG_COMPILER_APPICON_NAME = AppIcon;
				CODE_SIGN_STYLE = Automatic;
				INFOPLIST_FILE = MovieApp/Info.plist;
				LD_RUNPATH_SEARCH_PATHS = (
					"$(inherited)",
					"@executable_path/Frameworks",
				);
				PRODUCT_BUNDLE_IDENTIFIER = com.codewitheyoab.MovieApp;
				PRODUCT_NAME = "$(TARGET_NAME)";
				SWIFT_VERSION = 5.0;
				TARGETED_DEVICE_FAMILY = "1,2";
			};
			name = Release;
		};
		5C889A722519839A00FDFE13 /* Debug */ = {
			isa = XCBuildConfiguration;
			buildSettings = {
				ALWAYS_EMBED_SWIFT_STANDARD_LIBRARIES = YES;
				BUNDLE_LOADER = "$(TEST_HOST)";
				CODE_SIGN_STYLE = Automatic;
				INFOPLIST_FILE = MovieAppTests/Info.plist;
				IPHONEOS_DEPLOYMENT_TARGET = 13.6;
				LD_RUNPATH_SEARCH_PATHS = (
					"$(inherited)",
					"@executable_path/Frameworks",
					"@loader_path/Frameworks",
				);
				PRODUCT_BUNDLE_IDENTIFIER = com.codewitheyoab.MovieAppTests;
				PRODUCT_NAME = "$(TARGET_NAME)";
				SWIFT_VERSION = 5.0;
				TARGETED_DEVICE_FAMILY = "1,2";
				TEST_HOST = "$(BUILT_PRODUCTS_DIR)/MovieApp.app/MovieApp";
			};
			name = Debug;
		};
		5C889A732519839A00FDFE13 /* Release */ = {
			isa = XCBuildConfiguration;
			buildSettings = {
				ALWAYS_EMBED_SWIFT_STANDARD_LIBRARIES = YES;
				BUNDLE_LOADER = "$(TEST_HOST)";
				CODE_SIGN_STYLE = Automatic;
				INFOPLIST_FILE = MovieAppTests/Info.plist;
				IPHONEOS_DEPLOYMENT_TARGET = 13.6;
				LD_RUNPATH_SEARCH_PATHS = (
					"$(inherited)",
					"@executable_path/Frameworks",
					"@loader_path/Frameworks",
				);
				PRODUCT_BUNDLE_IDENTIFIER = com.codewitheyoab.MovieAppTests;
				PRODUCT_NAME = "$(TARGET_NAME)";
				SWIFT_VERSION = 5.0;
				TARGETED_DEVICE_FAMILY = "1,2";
				TEST_HOST = "$(BUILT_PRODUCTS_DIR)/MovieApp.app/MovieApp";
			};
			name = Release;
		};
		5C889A752519839A00FDFE13 /* Debug */ = {
			isa = XCBuildConfiguration;
			buildSettings = {
				ALWAYS_EMBED_SWIFT_STANDARD_LIBRARIES = YES;
				CODE_SIGN_STYLE = Automatic;
				INFOPLIST_FILE = MovieAppUITests/Info.plist;
				LD_RUNPATH_SEARCH_PATHS = (
					"$(inherited)",
					"@executable_path/Frameworks",
					"@loader_path/Frameworks",
				);
				PRODUCT_BUNDLE_IDENTIFIER = com.codewitheyoab.MovieAppUITests;
				PRODUCT_NAME = "$(TARGET_NAME)";
				SWIFT_VERSION = 5.0;
				TARGETED_DEVICE_FAMILY = "1,2";
				TEST_TARGET_NAME = MovieApp;
			};
			name = Debug;
		};
		5C889A762519839A00FDFE13 /* Release */ = {
			isa = XCBuildConfiguration;
			buildSettings = {
				ALWAYS_EMBED_SWIFT_STANDARD_LIBRARIES = YES;
				CODE_SIGN_STYLE = Automatic;
				INFOPLIST_FILE = MovieAppUITests/Info.plist;
				LD_RUNPATH_SEARCH_PATHS = (
					"$(inherited)",
					"@executable_path/Frameworks",
					"@loader_path/Frameworks",
				);
				PRODUCT_BUNDLE_IDENTIFIER = com.codewitheyoab.MovieAppUITests;
				PRODUCT_NAME = "$(TARGET_NAME)";
				SWIFT_VERSION = 5.0;
				TARGETED_DEVICE_FAMILY = "1,2";
				TEST_TARGET_NAME = MovieApp;
			};
			name = Release;
		};
/* End XCBuildConfiguration section */

/* Begin XCConfigurationList section */
		5C889A3F2519839100FDFE13 /* Build configuration list for PBXProject "MovieApp" */ = {
			isa = XCConfigurationList;
			buildConfigurations = (
				5C889A6C2519839A00FDFE13 /* Debug */,
				5C889A6D2519839A00FDFE13 /* Release */,
			);
			defaultConfigurationIsVisible = 0;
			defaultConfigurationName = Release;
		};
		5C889A6E2519839A00FDFE13 /* Build configuration list for PBXNativeTarget "MovieApp" */ = {
			isa = XCConfigurationList;
			buildConfigurations = (
				5C889A6F2519839A00FDFE13 /* Debug */,
				5C889A702519839A00FDFE13 /* Release */,
			);
			defaultConfigurationIsVisible = 0;
			defaultConfigurationName = Release;
		};
		5C889A712519839A00FDFE13 /* Build configuration list for PBXNativeTarget "MovieAppTests" */ = {
			isa = XCConfigurationList;
			buildConfigurations = (
				5C889A722519839A00FDFE13 /* Debug */,
				5C889A732519839A00FDFE13 /* Release */,
			);
			defaultConfigurationIsVisible = 0;
			defaultConfigurationName = Release;
		};
		5C889A742519839A00FDFE13 /* Build configuration list for PBXNativeTarget "MovieAppUITests" */ = {
			isa = XCConfigurationList;
			buildConfigurations = (
				5C889A752519839A00FDFE13 /* Debug */,
				5C889A762519839A00FDFE13 /* Release */,
			);
			defaultConfigurationIsVisible = 0;
			defaultConfigurationName = Release;
		};
/* End XCConfigurationList section */
	};
	rootObject = 5C889A3C2519839100FDFE13 /* Project object */;
}
