// !$*UTF8*$!
{
	archiveVersion = 1;
	classes = {
	};
	objectVersion = 51;
	objects = {

/* Begin PBXBuildFile section */
		5C5AAD992527C099003F320A /* MovieGridViewController.swift in Sources */ = {isa = PBXBuildFile; fileRef = 5C5AAD982527C099003F320A /* MovieGridViewController.swift */; };
		5C5AAD9B2527DBEC003F320A /* MovieGridCell.swift in Sources */ = {isa = PBXBuildFile; fileRef = 5C5AAD9A2527DBEC003F320A /* MovieGridCell.swift */; };
		5C64639C25256A9800EEF825 /* MovieDetailsViewController.swift in Sources */ = {isa = PBXBuildFile; fileRef = 5C64639B25256A9800EEF825 /* MovieDetailsViewController.swift */; };
		5C889A482519839100FDFE13 /* AppDelegate.swift in Sources */ = {isa = PBXBuildFile; fileRef = 5C889A472519839100FDFE13 /* AppDelegate.swift */; };
		5C889A4A2519839100FDFE13 /* SceneDelegate.swift in Sources */ = {isa = PBXBuildFile; fileRef = 5C889A492519839100FDFE13 /* SceneDelegate.swift */; };
		5C889A4F2519839100FDFE13 /* Main.storyboard in Resources */ = {isa = PBXBuildFile; fileRef = 5C889A4D2519839100FDFE13 /* Main.storyboard */; };
		5C889A512519839900FDFE13 /* Assets.xcassets in Resources */ = {isa = PBXBuildFile; fileRef = 5C889A502519839900FDFE13 /* Assets.xcassets */; };
		5C889A542519839900FDFE13 /* LaunchScreen.storyboard in Resources */ = {isa = PBXBuildFile; fileRef = 5C889A522519839900FDFE13 /* LaunchScreen.storyboard */; };
		5C889A5F2519839A00FDFE13 /* MovieAppTests.swift in Sources */ = {isa = PBXBuildFile; fileRef = 5C889A5E2519839A00FDFE13 /* MovieAppTests.swift */; };
		5C889A6A2519839A00FDFE13 /* MovieAppUITests.swift in Sources */ = {isa = PBXBuildFile; fileRef = 5C889A692519839A00FDFE13 /* MovieAppUITests.swift */; };
		5C889A782519858100FDFE13 /* MoviesViewController.swift in Sources */ = {isa = PBXBuildFile; fileRef = 5C889A772519858100FDFE13 /* MoviesViewController.swift */; };
		5CAC46BA251EADF2009C0A7C /* MovieCell.swift in Sources */ = {isa = PBXBuildFile; fileRef = 5CAC46B9251EADF2009C0A7C /* MovieCell.swift */; };
		8407812A11950E3CF9A3FA5E /* Pods_MovieAppTests.framework in Frameworks */ = {isa = PBXBuildFile; fileRef = CB223DEC77CBA69FE5539345 /* Pods_MovieAppTests.framework */; };
		8DD401B2CF867A39E4CD2DD5 /* Pods_MovieApp_MovieAppUITests.framework in Frameworks */ = {isa = PBXBuildFile; fileRef = F307D893552F4C1CBEA1B79E /* Pods_MovieApp_MovieAppUITests.framework */; };
		FED94D008C27CA97AE85A9B8 /* Pods_MovieApp.framework in Frameworks */ = {isa = PBXBuildFile; fileRef = 9434CC07F29D21727F6A78E9 /* Pods_MovieApp.framework */; };
/* End PBXBuildFile section */

/* Begin PBXContainerItemProxy section */
		5C889A5B2519839A00FDFE13 /* PBXContainerItemProxy */ = {
			isa = PBXContainerItemProxy;
			containerPortal = 5C889A3C2519839100FDFE13 /* Project object */;
			proxyType = 1;
			remoteGlobalIDString = 5C889A432519839100FDFE13;
			remoteInfo = MovieApp;
		};
		5C889A662519839A00FDFE13 /* PBXContainerItemProxy */ = {
			isa = PBXContainerItemProxy;
			containerPortal = 5C889A3C2519839100FDFE13 /* Project object */;
			proxyType = 1;
			remoteGlobalIDString = 5C889A432519839100FDFE13;
			remoteInfo = MovieApp;
		};
/* End PBXContainerItemProxy section */

/* Begin PBXFileReference section */
		2A39CC52CA887045F596D6F7 /* Pods-MovieAppTests.release.xcconfig */ = {isa = PBXFileReference; includeInIndex = 1; lastKnownFileType = text.xcconfig; name = "Pods-MovieAppTests.release.xcconfig"; path = "Target Support Files/Pods-MovieAppTests/Pods-MovieAppTests.release.xcconfig"; sourceTree = "<group>"; };
		4A5BB7633419D1C7BDEA5E06 /* Pods-MovieAppTests.debug.xcconfig */ = {isa = PBXFileReference; includeInIndex = 1; lastKnownFileType = text.xcconfig; name = "Pods-MovieAppTests.debug.xcconfig"; path = "Target Support Files/Pods-MovieAppTests/Pods-MovieAppTests.debug.xcconfig"; sourceTree = "<group>"; };
		5C5AAD982527C099003F320A /* MovieGridViewController.swift */ = {isa = PBXFileReference; lastKnownFileType = sourcecode.swift; path = MovieGridViewController.swift; sourceTree = "<group>"; };
		5C5AAD9A2527DBEC003F320A /* MovieGridCell.swift */ = {isa = PBXFileReference; lastKnownFileType = sourcecode.swift; path = MovieGridCell.swift; sourceTree = "<group>"; };
		5C64639B25256A9800EEF825 /* MovieDetailsViewController.swift */ = {isa = PBXFileReference; lastKnownFileType = sourcecode.swift; path = MovieDetailsViewController.swift; sourceTree = "<group>"; };
		5C889A442519839100FDFE13 /* MovieApp.app */ = {isa = PBXFileReference; explicitFileType = wrapper.application; includeInIndex = 0; path = MovieApp.app; sourceTree = BUILT_PRODUCTS_DIR; };
		5C889A472519839100FDFE13 /* AppDelegate.swift */ = {isa = PBXFileReference; lastKnownFileType = sourcecode.swift; path = AppDelegate.swift; sourceTree = "<group>"; };
		5C889A492519839100FDFE13 /* SceneDelegate.swift */ = {isa = PBXFileReference; lastKnownFileType = sourcecode.swift; path = SceneDelegate.swift; sourceTree = "<group>"; };
		5C889A4E2519839100FDFE13 /* Base */ = {isa = PBXFileReference; lastKnownFileType = file.storyboard; name = Base; path = Base.lproj/Main.storyboard; sourceTree = "<group>"; };
		5C889A502519839900FDFE13 /* Assets.xcassets */ = {isa = PBXFileReference; lastKnownFileType = folder.assetcatalog; path = Assets.xcassets; sourceTree = "<group>"; };
		5C889A532519839900FDFE13 /* Base */ = {isa = PBXFileReference; lastKnownFileType = file.storyboard; name = Base; path = Base.lproj/LaunchScreen.storyboard; sourceTree = "<group>"; };
		5C889A552519839900FDFE13 /* Info.plist */ = {isa = PBXFileReference; lastKnownFileType = text.plist.xml; path = Info.plist; sourceTree = "<group>"; };
		5C889A5A2519839A00FDFE13 /* MovieAppTests.xctest */ = {isa = PBXFileReference; explicitFileType = wrapper.cfbundle; includeInIndex = 0; path = MovieAppTests.xctest; sourceTree = BUILT_PRODUCTS_DIR; };
		5C889A5E2519839A00FDFE13 /* MovieAppTests.swift */ = {isa = PBXFileReference; lastKnownFileType = sourcecode.swift; path = MovieAppTests.swift; sourceTree = "<group>"; };
		5C889A602519839A00FDFE13 /* Info.plist */ = {isa = PBXFileReference; lastKnownFileType = text.plist.xml; path = Info.plist; sourceTree = "<group>"; };
		5C889A652519839A00FDFE13 /* MovieAppUITests.xctest */ = {isa = PBXFileReference; explicitFileType = wrapper.cfbundle; includeInIndex = 0; path = MovieAppUITests.xctest; sourceTree = BUILT_PRODUCTS_DIR; };
		5C889A692519839A00FDFE13 /* MovieAppUITests.swift */ = {isa = PBXFileReference; lastKnownFileType = sourcecode.swift; path = MovieAppUITests.swift; sourceTree = "<group>"; };
		5C889A6B2519839A00FDFE13 /* Info.plist */ = {isa = PBXFileReference; lastKnownFileType = text.plist.xml; path = Info.plist; sourceTree = "<group>"; };
		5C889A772519858100FDFE13 /* MoviesViewController.swift */ = {isa = PBXFileReference; lastKnownFileType = sourcecode.swift; path = MoviesViewController.swift; sourceTree = "<group>"; };
		5CAC46B9251EADF2009C0A7C /* MovieCell.swift */ = {isa = PBXFileReference; lastKnownFileType = sourcecode.swift; path = MovieCell.swift; sourceTree = "<group>"; };
		9320A6787218310B6701E41D /* Pods-MovieApp.release.xcconfig */ = {isa = PBXFileReference; includeInIndex = 1; lastKnownFileType = text.xcconfig; name = "Pods-MovieApp.release.xcconfig"; path = "Target Support Files/Pods-MovieApp/Pods-MovieApp.release.xcconfig"; sourceTree = "<group>"; };
		9434CC07F29D21727F6A78E9 /* Pods_MovieApp.framework */ = {isa = PBXFileReference; explicitFileType = wrapper.framework; includeInIndex = 0; path = Pods_MovieApp.framework; sourceTree = BUILT_PRODUCTS_DIR; };
		A08B38E7B1CE24DAF49C16A4 /* Pods-MovieApp-MovieAppUITests.release.xcconfig */ = {isa = PBXFileReference; includeInIndex = 1; lastKnownFileType = text.xcconfig; name = "Pods-MovieApp-MovieAppUITests.release.xcconfig"; path = "Target Support Files/Pods-MovieApp-MovieAppUITests/Pods-MovieApp-MovieAppUITests.release.xcconfig"; sourceTree = "<group>"; };
		CB223DEC77CBA69FE5539345 /* Pods_MovieAppTests.framework */ = {isa = PBXFileReference; explicitFileType = wrapper.framework; includeInIndex = 0; path = Pods_MovieAppTests.framework; sourceTree = BUILT_PRODUCTS_DIR; };
		CF419DB06BF0D16C81DB4878 /* Pods-MovieApp.debug.xcconfig */ = {isa = PBXFileReference; includeInIndex = 1; lastKnownFileType = text.xcconfig; name = "Pods-MovieApp.debug.xcconfig"; path = "Target Support Files/Pods-MovieApp/Pods-MovieApp.debug.xcconfig"; sourceTree = "<group>"; };
		F1A894BACB7B5F0C56F8FDBC /* Pods-MovieApp-MovieAppUITests.debug.xcconfig */ = {isa = PBXFileReference; includeInIndex = 1; lastKnownFileType = text.xcconfig; name = "Pods-MovieApp-MovieAppUITests.debug.xcconfig"; path = "Target Support Files/Pods-MovieApp-MovieAppUITests/Pods-MovieApp-MovieAppUITests.debug.xcconfig"; sourceTree = "<group>"; };
		F307D893552F4C1CBEA1B79E /* Pods_MovieApp_MovieAppUITests.framework */ = {isa = PBXFileReference; explicitFileType = wrapper.framework; includeInIndex = 0; path = Pods_MovieApp_MovieAppUITests.framework; sourceTree = BUILT_PRODUCTS_DIR; };
/* End PBXFileReference section */

/* Begin PBXFrameworksBuildPhase section */
		5C889A412519839100FDFE13 /* Frameworks */ = {
			isa = PBXFrameworksBuildPhase;
			buildActionMask = 2147483647;
			files = (
				FED94D008C27CA97AE85A9B8 /* Pods_MovieApp.framework in Frameworks */,
			);
			runOnlyForDeploymentPostprocessing = 0;
		};
		5C889A572519839A00FDFE13 /* Frameworks */ = {
			isa = PBXFrameworksBuildPhase;
			buildActionMask = 2147483647;
			files = (
				8407812A11950E3CF9A3FA5E /* Pods_MovieAppTests.framework in Frameworks */,
			);
			runOnlyForDeploymentPostprocessing = 0;
		};
		5C889A622519839A00FDFE13 /* Frameworks */ = {
			isa = PBXFrameworksBuildPhase;
			buildActionMask = 2147483647;
			files = (
				8DD401B2CF867A39E4CD2DD5 /* Pods_MovieApp_MovieAppUITests.framework in Frameworks */,
			);
			runOnlyForDeploymentPostprocessing = 0;
		};
/* End PBXFrameworksBuildPhase section */

/* Begin PBXGroup section */
		08A8D11D723F78AC83F900D9 /* Frameworks */ = {
			isa = PBXGroup;
			children = (
				9434CC07F29D21727F6A78E9 /* Pods_MovieApp.framework */,
				F307D893552F4C1CBEA1B79E /* Pods_MovieApp_MovieAppUITests.framework */,
				CB223DEC77CBA69FE5539345 /* Pods_MovieAppTests.framework */,
			);
			name = Frameworks;
			sourceTree = "<group>";
		};
		5C889A3B2519839100FDFE13 = {
			isa = PBXGroup;
			children = (
				5C889A462519839100FDFE13 /* MovieApp */,
				5C889A5D2519839A00FDFE13 /* MovieAppTests */,
				5C889A682519839A00FDFE13 /* MovieAppUITests */,
				5C889A452519839100FDFE13 /* Products */,
				FC1B05533B14E7392989827E /* Pods */,
				08A8D11D723F78AC83F900D9 /* Frameworks */,
			);
			sourceTree = "<group>";
		};
		5C889A452519839100FDFE13 /* Products */ = {
			isa = PBXGroup;
			children = (
				5C889A442519839100FDFE13 /* MovieApp.app */,
				5C889A5A2519839A00FDFE13 /* MovieAppTests.xctest */,
				5C889A652519839A00FDFE13 /* MovieAppUITests.xctest */,
			);
			name = Products;
			sourceTree = "<group>";
		};
		5C889A462519839100FDFE13 /* MovieApp */ = {
			isa = PBXGroup;
			children = (
				5C889A472519839100FDFE13 /* AppDelegate.swift */,
				5C889A492519839100FDFE13 /* SceneDelegate.swift */,
				5C889A4D2519839100FDFE13 /* Main.storyboard */,
				5C5AAD9A2527DBEC003F320A /* MovieGridCell.swift */,
				5C5AAD982527C099003F320A /* MovieGridViewController.swift */,
				5C64639B25256A9800EEF825 /* MovieDetailsViewController.swift */,
				5CAC46B9251EADF2009C0A7C /* MovieCell.swift */,
				5C889A502519839900FDFE13 /* Assets.xcassets */,
				5C889A522519839900FDFE13 /* LaunchScreen.storyboard */,
				5C889A552519839900FDFE13 /* Info.plist */,
				5C889A772519858100FDFE13 /* MoviesViewController.swift */,
			);
			path = MovieApp;
			sourceTree = "<group>";
		};
		5C889A5D2519839A00FDFE13 /* MovieAppTests */ = {
			isa = PBXGroup;
			children = (
				5C889A5E2519839A00FDFE13 /* MovieAppTests.swift */,
				5C889A602519839A00FDFE13 /* Info.plist */,
			);
			path = MovieAppTests;
			sourceTree = "<group>";
		};
		5C889A682519839A00FDFE13 /* MovieAppUITests */ = {
			isa = PBXGroup;
			children = (
				5C889A692519839A00FDFE13 /* MovieAppUITests.swift */,
				5C889A6B2519839A00FDFE13 /* Info.plist */,
			);
			path = MovieAppUITests;
			sourceTree = "<group>";
		};
		FC1B05533B14E7392989827E /* Pods */ = {
			isa = PBXGroup;
			children = (
				CF419DB06BF0D16C81DB4878 /* Pods-MovieApp.debug.xcconfig */,
				9320A6787218310B6701E41D /* Pods-MovieApp.release.xcconfig */,
				F1A894BACB7B5F0C56F8FDBC /* Pods-MovieApp-MovieAppUITests.debug.xcconfig */,
				A08B38E7B1CE24DAF49C16A4 /* Pods-MovieApp-MovieAppUITests.release.xcconfig */,
				4A5BB7633419D1C7BDEA5E06 /* Pods-MovieAppTests.debug.xcconfig */,
				2A39CC52CA887045F596D6F7 /* Pods-MovieAppTests.release.xcconfig */,
			);
			path = Pods;
			sourceTree = "<group>";
		};
/* End PBXGroup section */

/* Begin PBXNativeTarget section */
		5C889A432519839100FDFE13 /* MovieApp */ = {
			isa = PBXNativeTarget;
			buildConfigurationList = 5C889A6E2519839A00FDFE13 /* Build configuration list for PBXNativeTarget "MovieApp" */;
			buildPhases = (
				E7FC40A4EE9FE2E25A0C4A75 /* [CP] Check Pods Manifest.lock */,
				5C889A402519839100FDFE13 /* Sources */,
				5C889A412519839100FDFE13 /* Frameworks */,
				5C889A422519839100FDFE13 /* Resources */,
				9583305AA71C523B43DF1182 /* [CP] Embed Pods Frameworks */,
			);
			buildRules = (
			);
			dependencies = (
			);
			name = MovieApp;
			productName = MovieApp;
			productReference = 5C889A442519839100FDFE13 /* MovieApp.app */;
			productType = "com.apple.product-type.application";
		};
		5C889A592519839A00FDFE13 /* MovieAppTests */ = {
			isa = PBXNativeTarget;
			buildConfigurationList = 5C889A712519839A00FDFE13 /* Build configuration list for PBXNativeTarget "MovieAppTests" */;
			buildPhases = (
				C6D526E266F71EF58EA7C7A0 /* [CP] Check Pods Manifest.lock */,
				5C889A562519839A00FDFE13 /* Sources */,
				5C889A572519839A00FDFE13 /* Frameworks */,
				5C889A582519839A00FDFE13 /* Resources */,
			);
			buildRules = (
			);
			dependencies = (
				5C889A5C2519839A00FDFE13 /* PBXTargetDependency */,
			);
			name = MovieAppTests;
			productName = MovieAppTests;
			productReference = 5C889A5A2519839A00FDFE13 /* MovieAppTests.xctest */;
			productType = "com.apple.product-type.bundle.unit-test";
		};
		5C889A642519839A00FDFE13 /* MovieAppUITests */ = {
			isa = PBXNativeTarget;
			buildConfigurationList = 5C889A742519839A00FDFE13 /* Build configuration list for PBXNativeTarget "MovieAppUITests" */;
			buildPhases = (
				560CD5E17E639B5ADA2352CA /* [CP] Check Pods Manifest.lock */,
				5C889A612519839A00FDFE13 /* Sources */,
				5C889A622519839A00FDFE13 /* Frameworks */,
				5C889A632519839A00FDFE13 /* Resources */,
				B7747C13172A385462349494 /* [CP] Embed Pods Frameworks */,
			);
			buildRules = (
			);
			dependencies = (
				5C889A672519839A00FDFE13 /* PBXTargetDependency */,
			);
			name = MovieAppUITests;
			productName = MovieAppUITests;
			productReference = 5C889A652519839A00FDFE13 /* MovieAppUITests.xctest */;
			productType = "com.apple.product-type.bundle.ui-testing";
		};
/* End PBXNativeTarget section */

/* Begin PBXProject section */
		5C889A3C2519839100FDFE13 /* Project object */ = {
			isa = PBXProject;
			attributes = {
				LastSwiftUpdateCheck = 1160;
				LastUpgradeCheck = 1160;
				ORGANIZATIONNAME = Eyoab58;
				TargetAttributes = {
					5C889A432519839100FDFE13 = {
						CreatedOnToolsVersion = 11.6;
					};
					5C889A592519839A00FDFE13 = {
						CreatedOnToolsVersion = 11.6;
						TestTargetID = 5C889A432519839100FDFE13;
					};
					5C889A642519839A00FDFE13 = {
						CreatedOnToolsVersion = 11.6;
						TestTargetID = 5C889A432519839100FDFE13;
					};
				};
			};
			buildConfigurationList = 5C889A3F2519839100FDFE13 /* Build configuration list for PBXProject "MovieApp" */;
			compatibilityVersion = "Xcode 9.3";
			developmentRegion = en;
			hasScannedForEncodings = 0;
			knownRegions = (
				en,
				Base,
			);
			mainGroup = 5C889A3B2519839100FDFE13;
			productRefGroup = 5C889A452519839100FDFE13 /* Products */;
			projectDirPath = "";
			projectRoot = "";
			targets = (
				5C889A432519839100FDFE13 /* MovieApp */,
				5C889A592519839A00FDFE13 /* MovieAppTests */,
				5C889A642519839A00FDFE13 /* MovieAppUITests */,
			);
		};
/* End PBXProject section */

/* Begin PBXResourcesBuildPhase section */
		5C889A422519839100FDFE13 /* Resources */ = {
			isa = PBXResourcesBuildPhase;
			buildActionMask = 2147483647;
			files = (
				5C889A542519839900FDFE13 /* LaunchScreen.storyboard in Resources */,
				5C889A512519839900FDFE13 /* Assets.xcassets in Resources */,
				5C889A4F2519839100FDFE13 /* Main.storyboard in Resources */,
			);
			runOnlyForDeploymentPostprocessing = 0;
		};
		5C889A582519839A00FDFE13 /* Resources */ = {
			isa = PBXResourcesBuildPhase;
			buildActionMask = 2147483647;
			files = (
			);
			runOnlyForDeploymentPostprocessing = 0;
		};
		5C889A632519839A00FDFE13 /* Resources */ = {
			isa = PBXResourcesBuildPhase;
			buildActionMask = 2147483647;
			files = (
			);
			runOnlyForDeploymentPostprocessing = 0;
		};
/* End PBXResourcesBuildPhase section */

/* Begin PBXShellScriptBuildPhase section */
		560CD5E17E639B5ADA2352CA /* [CP] Check Pods Manifest.lock */ = {
			isa = PBXShellScriptBuildPhase;
			buildActionMask = 2147483647;
			files = (
			);
			inputFileListPaths = (
			);
			inputPaths = (
				"${PODS_PODFILE_DIR_PATH}/Podfile.lock",
				"${PODS_ROOT}/Manifest.lock",
			);
			name = "[CP] Check Pods Manifest.lock";
			outputFileListPaths = (
			);
			outputPaths = (
				"$(DERIVED_FILE_DIR)/Pods-MovieApp-MovieAppUITests-checkManifestLockResult.txt",
			);
			runOnlyForDeploymentPostprocessing = 0;
			shellPath = /bin/sh;
			shellScript = "diff \"${PODS_PODFILE_DIR_PATH}/Podfile.lock\" \"${PODS_ROOT}/Manifest.lock\" > /dev/null\nif [ $? != 0 ] ; then\n    # print error to STDERR\n    echo \"error: The sandbox is not in sync with the Podfile.lock. Run 'pod install' or update your CocoaPods installation.\" >&2\n    exit 1\nfi\n# This output is used by Xcode 'outputs' to avoid re-running this script phase.\necho \"SUCCESS\" > \"${SCRIPT_OUTPUT_FILE_0}\"\n";
			showEnvVarsInLog = 0;
		};
		9583305AA71C523B43DF1182 /* [CP] Embed Pods Frameworks */ = {
			isa = PBXShellScriptBuildPhase;
			buildActionMask = 2147483647;
			files = (
			);
			inputFileListPaths = (
				"${PODS_ROOT}/Target Support Files/Pods-MovieApp/Pods-MovieApp-frameworks-${CONFIGURATION}-input-files.xcfilelist",
			);
			name = "[CP] Embed Pods Frameworks";
			outputFileListPaths = (
				"${PODS_ROOT}/Target Support Files/Pods-MovieApp/Pods-MovieApp-frameworks-${CONFIGURATION}-output-files.xcfilelist",
			);
			runOnlyForDeploymentPostprocessing = 0;
			shellPath = /bin/sh;
			shellScript = "\"${PODS_ROOT}/Target Support Files/Pods-MovieApp/Pods-MovieApp-frameworks.sh\"\n";
			showEnvVarsInLog = 0;
		};
		B7747C13172A385462349494 /* [CP] Embed Pods Frameworks */ = {
			isa = PBXShellScriptBuildPhase;
			buildActionMask = 2147483647;
			files = (
			);
			inputFileListPaths = (
				"${PODS_ROOT}/Target Support Files/Pods-MovieApp-MovieAppUITests/Pods-MovieApp-MovieAppUITests-frameworks-${CONFIGURATION}-input-files.xcfilelist",
			);
			name = "[CP] Embed Pods Frameworks";
			outputFileListPaths = (
				"${PODS_ROOT}/Target Support Files/Pods-MovieApp-MovieAppUITests/Pods-MovieApp-MovieAppUITests-frameworks-${CONFIGURATION}-output-files.xcfilelist",
			);
			runOnlyForDeploymentPostprocessing = 0;
			shellPath = /bin/sh;
			shellScript = "\"${PODS_ROOT}/Target Support Files/Pods-MovieApp-MovieAppUITests/Pods-MovieApp-MovieAppUITests-frameworks.sh\"\n";
			showEnvVarsInLog = 0;
		};
		C6D526E266F71EF58EA7C7A0 /* [CP] Check Pods Manifest.lock */ = {
			isa = PBXShellScriptBuildPhase;
			buildActionMask = 2147483647;
			files = (
			);
			inputFileListPaths = (
			);
			inputPaths = (
				"${PODS_PODFILE_DIR_PATH}/Podfile.lock",
				"${PODS_ROOT}/Manifest.lock",
			);
			name = "[CP] Check Pods Manifest.lock";
			outputFileListPaths = (
			);
			outputPaths = (
				"$(DERIVED_FILE_DIR)/Pods-MovieAppTests-checkManifestLockResult.txt",
			);
			runOnlyForDeploymentPostprocessing = 0;
			shellPath = /bin/sh;
			shellScript = "diff \"${PODS_PODFILE_DIR_PATH}/Podfile.lock\" \"${PODS_ROOT}/Manifest.lock\" > /dev/null\nif [ $? != 0 ] ; then\n    # print error to STDERR\n    echo \"error: The sandbox is not in sync with the Podfile.lock. Run 'pod install' or update your CocoaPods installation.\" >&2\n    exit 1\nfi\n# This output is used by Xcode 'outputs' to avoid re-running this script phase.\necho \"SUCCESS\" > \"${SCRIPT_OUTPUT_FILE_0}\"\n";
			showEnvVarsInLog = 0;
		};
		E7FC40A4EE9FE2E25A0C4A75 /* [CP] Check Pods Manifest.lock */ = {
			isa = PBXShellScriptBuildPhase;
			buildActionMask = 2147483647;
			files = (
			);
			inputFileListPaths = (
			);
			inputPaths = (
				"${PODS_PODFILE_DIR_PATH}/Podfile.lock",
				"${PODS_ROOT}/Manifest.lock",
			);
			name = "[CP] Check Pods Manifest.lock";
			outputFileListPaths = (
			);
			outputPaths = (
				"$(DERIVED_FILE_DIR)/Pods-MovieApp-checkManifestLockResult.txt",
			);
			runOnlyForDeploymentPostprocessing = 0;
			shellPath = /bin/sh;
			shellScript = "diff \"${PODS_PODFILE_DIR_PATH}/Podfile.lock\" \"${PODS_ROOT}/Manifest.lock\" > /dev/null\nif [ $? != 0 ] ; then\n    # print error to STDERR\n    echo \"error: The sandbox is not in sync with the Podfile.lock. Run 'pod install' or update your CocoaPods installation.\" >&2\n    exit 1\nfi\n# This output is used by Xcode 'outputs' to avoid re-running this script phase.\necho \"SUCCESS\" > \"${SCRIPT_OUTPUT_FILE_0}\"\n";
			showEnvVarsInLog = 0;
		};
/* End PBXShellScriptBuildPhase section */

/* Begin PBXSourcesBuildPhase section */
		5C889A402519839100FDFE13 /* Sources */ = {
			isa = PBXSourcesBuildPhase;
			buildActionMask = 2147483647;
			files = (
				5C889A482519839100FDFE13 /* AppDelegate.swift in Sources */,
				5C64639C25256A9800EEF825 /* MovieDetailsViewController.swift in Sources */,
				5C5AAD992527C099003F320A /* MovieGridViewController.swift in Sources */,
				5C889A4A2519839100FDFE13 /* SceneDelegate.swift in Sources */,
				5CAC46BA251EADF2009C0A7C /* MovieCell.swift in Sources */,
				5C889A782519858100FDFE13 /* MoviesViewController.swift in Sources */,
				5C5AAD9B2527DBEC003F320A /* MovieGridCell.swift in Sources */,
			);
			runOnlyForDeploymentPostprocessing = 0;
		};
		5C889A562519839A00FDFE13 /* Sources */ = {
			isa = PBXSourcesBuildPhase;
			buildActionMask = 2147483647;
			files = (
				5C889A5F2519839A00FDFE13 /* MovieAppTests.swift in Sources */,
			);
			runOnlyForDeploymentPostprocessing = 0;
		};
		5C889A612519839A00FDFE13 /* Sources */ = {
			isa = PBXSourcesBuildPhase;
			buildActionMask = 2147483647;
			files = (
				5C889A6A2519839A00FDFE13 /* MovieAppUITests.swift in Sources */,
			);
			runOnlyForDeploymentPostprocessing = 0;
		};
/* End PBXSourcesBuildPhase section */

/* Begin PBXTargetDependency section */
		5C889A5C2519839A00FDFE13 /* PBXTargetDependency */ = {
			isa = PBXTargetDependency;
			target = 5C889A432519839100FDFE13 /* MovieApp */;
			targetProxy = 5C889A5B2519839A00FDFE13 /* PBXContainerItemProxy */;
		};
		5C889A672519839A00FDFE13 /* PBXTargetDependency */ = {
			isa = PBXTargetDependency;
			target = 5C889A432519839100FDFE13 /* MovieApp */;
			targetProxy = 5C889A662519839A00FDFE13 /* PBXContainerItemProxy */;
		};
/* End PBXTargetDependency section */

/* Begin PBXVariantGroup section */
		5C889A4D2519839100FDFE13 /* Main.storyboard */ = {
			isa = PBXVariantGroup;
			children = (
				5C889A4E2519839100FDFE13 /* Base */,
			);
			name = Main.storyboard;
			sourceTree = "<group>";
		};
		5C889A522519839900FDFE13 /* LaunchScreen.storyboard */ = {
			isa = PBXVariantGroup;
			children = (
				5C889A532519839900FDFE13 /* Base */,
			);
			name = LaunchScreen.storyboard;
			sourceTree = "<group>";
		};
/* End PBXVariantGroup section */

/* Begin XCBuildConfiguration section */
		5C889A6C2519839A00FDFE13 /* Debug */ = {
			isa = XCBuildConfiguration;
			buildSettings = {
				ALWAYS_SEARCH_USER_PATHS = NO;
				CLANG_ANALYZER_NONNULL = YES;
				CLANG_ANALYZER_NUMBER_OBJECT_CONVERSION = YES_AGGRESSIVE;
				CLANG_CXX_LANGUAGE_STANDARD = "gnu++14";
				CLANG_CXX_LIBRARY = "libc++";
				CLANG_ENABLE_MODULES = YES;
				CLANG_ENABLE_OBJC_ARC = YES;
				CLANG_ENABLE_OBJC_WEAK = YES;
				CLANG_WARN_BLOCK_CAPTURE_AUTORELEASING = YES;
				CLANG_WARN_BOOL_CONVERSION = YES;
				CLANG_WARN_COMMA = YES;
				CLANG_WARN_CONSTANT_CONVERSION = YES;
				CLANG_WARN_DEPRECATED_OBJC_IMPLEMENTATIONS = YES;
				CLANG_WARN_DIRECT_OBJC_ISA_USAGE = YES_ERROR;
				CLANG_WARN_DOCUMENTATION_COMMENTS = YES;
				CLANG_WARN_EMPTY_BODY = YES;
				CLANG_WARN_ENUM_CONVERSION = YES;
				CLANG_WARN_INFINITE_RECURSION = YES;
				CLANG_WARN_INT_CONVERSION = YES;
				CLANG_WARN_NON_LITERAL_NULL_CONVERSION = YES;
				CLANG_WARN_OBJC_IMPLICIT_RETAIN_SELF = YES;
				CLANG_WARN_OBJC_LITERAL_CONVERSION = YES;
				CLANG_WARN_OBJC_ROOT_CLASS = YES_ERROR;
				CLANG_WARN_RANGE_LOOP_ANALYSIS = YES;
				CLANG_WARN_STRICT_PROTOTYPES = YES;
				CLANG_WARN_SUSPICIOUS_MOVE = YES;
				CLANG_WARN_UNGUARDED_AVAILABILITY = YES_AGGRESSIVE;
				CLANG_WARN_UNREACHABLE_CODE = YES;
				CLANG_WARN__DUPLICATE_METHOD_MATCH = YES;
				COPY_PHASE_STRIP = NO;
				DEBUG_INFORMATION_FORMAT = dwarf;
				ENABLE_STRICT_OBJC_MSGSEND = YES;
				ENABLE_TESTABILITY = YES;
				GCC_C_LANGUAGE_STANDARD = gnu11;
				GCC_DYNAMIC_NO_PIC = NO;
				GCC_NO_COMMON_BLOCKS = YES;
				GCC_OPTIMIZATION_LEVEL = 0;
				GCC_PREPROCESSOR_DEFINITIONS = (
					"DEBUG=1",
					"$(inherited)",
				);
				GCC_WARN_64_TO_32_BIT_CONVERSION = YES;
				GCC_WARN_ABOUT_RETURN_TYPE = YES_ERROR;
				GCC_WARN_UNDECLARED_SELECTOR = YES;
				GCC_WARN_UNINITIALIZED_AUTOS = YES_AGGRESSIVE;
				GCC_WARN_UNUSED_FUNCTION = YES;
				GCC_WARN_UNUSED_VARIABLE = YES;
				IPHONEOS_DEPLOYMENT_TARGET = 13.6;
				MTL_ENABLE_DEBUG_INFO = INCLUDE_SOURCE;
				MTL_FAST_MATH = YES;
				ONLY_ACTIVE_ARCH = YES;
				SDKROOT = iphoneos;
				SWIFT_ACTIVE_COMPILATION_CONDITIONS = DEBUG;
				SWIFT_OPTIMIZATION_LEVEL = "-Onone";
			};
			name = Debug;
		};
		5C889A6D2519839A00FDFE13 /* Release */ = {
			isa = XCBuildConfiguration;
			buildSettings = {
				ALWAYS_SEARCH_USER_PATHS = NO;
				CLANG_ANALYZER_NONNULL = YES;
				CLANG_ANALYZER_NUMBER_OBJECT_CONVERSION = YES_AGGRESSIVE;
				CLANG_CXX_LANGUAGE_STANDARD = "gnu++14";
				CLANG_CXX_LIBRARY = "libc++";
				CLANG_ENABLE_MODULES = YES;
				CLANG_ENABLE_OBJC_ARC = YES;
				CLANG_ENABLE_OBJC_WEAK = YES;
				CLANG_WARN_BLOCK_CAPTURE_AUTORELEASING = YES;
				CLANG_WARN_BOOL_CONVERSION = YES;
				CLANG_WARN_COMMA = YES;
				CLANG_WARN_CONSTANT_CONVERSION = YES;
				CLANG_WARN_DEPRECATED_OBJC_IMPLEMENTATIONS = YES;
				CLANG_WARN_DIRECT_OBJC_ISA_USAGE = YES_ERROR;
				CLANG_WARN_DOCUMENTATION_COMMENTS = YES;
				CLANG_WARN_EMPTY_BODY = YES;
				CLANG_WARN_ENUM_CONVERSION = YES;
				CLANG_WARN_INFINITE_RECURSION = YES;
				CLANG_WARN_INT_CONVERSION = YES;
				CLANG_WARN_NON_LITERAL_NULL_CONVERSION = YES;
				CLANG_WARN_OBJC_IMPLICIT_RETAIN_SELF = YES;
				CLANG_WARN_OBJC_LITERAL_CONVERSION = YES;
				CLANG_WARN_OBJC_ROOT_CLASS = YES_ERROR;
				CLANG_WARN_RANGE_LOOP_ANALYSIS = YES;
				CLANG_WARN_STRICT_PROTOTYPES = YES;
				CLANG_WARN_SUSPICIOUS_MOVE = YES;
				CLANG_WARN_UNGUARDED_AVAILABILITY = YES_AGGRESSIVE;
				CLANG_WARN_UNREACHABLE_CODE = YES;
				CLANG_WARN__DUPLICATE_METHOD_MATCH = YES;
				COPY_PHASE_STRIP = NO;
				DEBUG_INFORMATION_FORMAT = "dwarf-with-dsym";
				ENABLE_NS_ASSERTIONS = NO;
				ENABLE_STRICT_OBJC_MSGSEND = YES;
				GCC_C_LANGUAGE_STANDARD = gnu11;
				GCC_NO_COMMON_BLOCKS = YES;
				GCC_WARN_64_TO_32_BIT_CONVERSION = YES;
				GCC_WARN_ABOUT_RETURN_TYPE = YES_ERROR;
				GCC_WARN_UNDECLARED_SELECTOR = YES;
				GCC_WARN_UNINITIALIZED_AUTOS = YES_AGGRESSIVE;
				GCC_WARN_UNUSED_FUNCTION = YES;
				GCC_WARN_UNUSED_VARIABLE = YES;
				IPHONEOS_DEPLOYMENT_TARGET = 13.6;
				MTL_ENABLE_DEBUG_INFO = NO;
				MTL_FAST_MATH = YES;
				SDKROOT = iphoneos;
				SWIFT_COMPILATION_MODE = wholemodule;
				SWIFT_OPTIMIZATION_LEVEL = "-O";
				VALIDATE_PRODUCT = YES;
			};
			name = Release;
		};
		5C889A6F2519839A00FDFE13 /* Debug */ = {
			isa = XCBuildConfiguration;
			baseConfigurationReference = CF419DB06BF0D16C81DB4878 /* Pods-MovieApp.debug.xcconfig */;
			buildSettings = {
				ASSETCATALOG_COMPILER_APPICON_NAME = AppIcon;
				CODE_SIGN_STYLE = Automatic;
				INFOPLIST_FILE = MovieApp/Info.plist;
				LD_RUNPATH_SEARCH_PATHS = (
					"$(inherited)",
					"@executable_path/Frameworks",
				);
				PRODUCT_BUNDLE_IDENTIFIER = com.codewitheyoab.MovieApp;
				PRODUCT_NAME = "$(TARGET_NAME)";
				SWIFT_VERSION = 5.0;
				TARGETED_DEVICE_FAMILY = "1,2";
			};
			name = Debug;
		};
		5C889A702519839A00FDFE13 /* Release */ = {
			isa = XCBuildConfiguration;
			baseConfigurationReference = 9320A6787218310B6701E41D /* Pods-MovieApp.release.xcconfig */;
			buildSettings = {
				ASSETCATALOG_COMPILER_APPICON_NAME = AppIcon;
				CODE_SIGN_STYLE = Automatic;
				INFOPLIST_FILE = MovieApp/Info.plist;
				LD_RUNPATH_SEARCH_PATHS = (
					"$(inherited)",
					"@executable_path/Frameworks",
				);
				PRODUCT_BUNDLE_IDENTIFIER = com.codewitheyoab.MovieApp;
				PRODUCT_NAME = "$(TARGET_NAME)";
				SWIFT_VERSION = 5.0;
				TARGETED_DEVICE_FAMILY = "1,2";
			};
			name = Release;
		};
		5C889A722519839A00FDFE13 /* Debug */ = {
			isa = XCBuildConfiguration;
			baseConfigurationReference = 4A5BB7633419D1C7BDEA5E06 /* Pods-MovieAppTests.debug.xcconfig */;
			buildSettings = {
				ALWAYS_EMBED_SWIFT_STANDARD_LIBRARIES = YES;
				BUNDLE_LOADER = "$(TEST_HOST)";
				CODE_SIGN_STYLE = Automatic;
				INFOPLIST_FILE = MovieAppTests/Info.plist;
				IPHONEOS_DEPLOYMENT_TARGET = 13.6;
				LD_RUNPATH_SEARCH_PATHS = (
					"$(inherited)",
					"@executable_path/Frameworks",
					"@loader_path/Frameworks",
				);
				PRODUCT_BUNDLE_IDENTIFIER = com.codewitheyoab.MovieAppTests;
				PRODUCT_NAME = "$(TARGET_NAME)";
				SWIFT_VERSION = 5.0;
				TARGETED_DEVICE_FAMILY = "1,2";
				TEST_HOST = "$(BUILT_PRODUCTS_DIR)/MovieApp.app/MovieApp";
			};
			name = Debug;
		};
		5C889A732519839A00FDFE13 /* Release */ = {
			isa = XCBuildConfiguration;
			baseConfigurationReference = 2A39CC52CA887045F596D6F7 /* Pods-MovieAppTests.release.xcconfig */;
			buildSettings = {
				ALWAYS_EMBED_SWIFT_STANDARD_LIBRARIES = YES;
				BUNDLE_LOADER = "$(TEST_HOST)";
				CODE_SIGN_STYLE = Automatic;
				INFOPLIST_FILE = MovieAppTests/Info.plist;
				IPHONEOS_DEPLOYMENT_TARGET = 13.6;
				LD_RUNPATH_SEARCH_PATHS = (
					"$(inherited)",
					"@executable_path/Frameworks",
					"@loader_path/Frameworks",
				);
				PRODUCT_BUNDLE_IDENTIFIER = com.codewitheyoab.MovieAppTests;
				PRODUCT_NAME = "$(TARGET_NAME)";
				SWIFT_VERSION = 5.0;
				TARGETED_DEVICE_FAMILY = "1,2";
				TEST_HOST = "$(BUILT_PRODUCTS_DIR)/MovieApp.app/MovieApp";
			};
			name = Release;
		};
		5C889A752519839A00FDFE13 /* Debug */ = {
			isa = XCBuildConfiguration;
			baseConfigurationReference = F1A894BACB7B5F0C56F8FDBC /* Pods-MovieApp-MovieAppUITests.debug.xcconfig */;
			buildSettings = {
				ALWAYS_EMBED_SWIFT_STANDARD_LIBRARIES = YES;
				CODE_SIGN_STYLE = Automatic;
				INFOPLIST_FILE = MovieAppUITests/Info.plist;
				LD_RUNPATH_SEARCH_PATHS = (
					"$(inherited)",
					"@executable_path/Frameworks",
					"@loader_path/Frameworks",
				);
				PRODUCT_BUNDLE_IDENTIFIER = com.codewitheyoab.MovieAppUITests;
				PRODUCT_NAME = "$(TARGET_NAME)";
				SWIFT_VERSION = 5.0;
				TARGETED_DEVICE_FAMILY = "1,2";
				TEST_TARGET_NAME = MovieApp;
			};
			name = Debug;
		};
		5C889A762519839A00FDFE13 /* Release */ = {
			isa = XCBuildConfiguration;
			baseConfigurationReference = A08B38E7B1CE24DAF49C16A4 /* Pods-MovieApp-MovieAppUITests.release.xcconfig */;
			buildSettings = {
				ALWAYS_EMBED_SWIFT_STANDARD_LIBRARIES = YES;
				CODE_SIGN_STYLE = Automatic;
				INFOPLIST_FILE = MovieAppUITests/Info.plist;
				LD_RUNPATH_SEARCH_PATHS = (
					"$(inherited)",
					"@executable_path/Frameworks",
					"@loader_path/Frameworks",
				);
				PRODUCT_BUNDLE_IDENTIFIER = com.codewitheyoab.MovieAppUITests;
				PRODUCT_NAME = "$(TARGET_NAME)";
				SWIFT_VERSION = 5.0;
				TARGETED_DEVICE_FAMILY = "1,2";
				TEST_TARGET_NAME = MovieApp;
			};
			name = Release;
		};
/* End XCBuildConfiguration section */

/* Begin XCConfigurationList section */
		5C889A3F2519839100FDFE13 /* Build configuration list for PBXProject "MovieApp" */ = {
			isa = XCConfigurationList;
			buildConfigurations = (
				5C889A6C2519839A00FDFE13 /* Debug */,
				5C889A6D2519839A00FDFE13 /* Release */,
			);
			defaultConfigurationIsVisible = 0;
			defaultConfigurationName = Release;
		};
		5C889A6E2519839A00FDFE13 /* Build configuration list for PBXNativeTarget "MovieApp" */ = {
			isa = XCConfigurationList;
			buildConfigurations = (
				5C889A6F2519839A00FDFE13 /* Debug */,
				5C889A702519839A00FDFE13 /* Release */,
			);
			defaultConfigurationIsVisible = 0;
			defaultConfigurationName = Release;
		};
		5C889A712519839A00FDFE13 /* Build configuration list for PBXNativeTarget "MovieAppTests" */ = {
			isa = XCConfigurationList;
			buildConfigurations = (
				5C889A722519839A00FDFE13 /* Debug */,
				5C889A732519839A00FDFE13 /* Release */,
			);
			defaultConfigurationIsVisible = 0;
			defaultConfigurationName = Release;
		};
		5C889A742519839A00FDFE13 /* Build configuration list for PBXNativeTarget "MovieAppUITests" */ = {
			isa = XCConfigurationList;
			buildConfigurations = (
				5C889A752519839A00FDFE13 /* Debug */,
				5C889A762519839A00FDFE13 /* Release */,
			);
			defaultConfigurationIsVisible = 0;
			defaultConfigurationName = Release;
		};
/* End XCConfigurationList section */
	};
	rootObject = 5C889A3C2519839100FDFE13 /* Project object */;
}
